# skills.lock.yaml — the pinned stable registry.
# Generated from the Registry; do not hand-edit. Every entry names an
# immutable commit and a content hash, so an upstream edit that did not
# bump the version still changes what is pinned.
api_version: '1'
generated_at: '2026-09-25T00:00:00Z'
frozen_season: ''
skills:
- skill_id: analyze-tcm-network-pharmacology
  version: 1.1.0
  composite_id: analyze-tcm-network-pharmacology@1.1.0
  source_repo: ''
  source_commit: ''
  content_hash: b6b9f5f35ee8e1b1dc37c70aecfa90cd578ee19d9f9226e23865b9bd234d214b
  license: MIT
  integration_mode: native
  allowed_hosts: []
  filesystem_permissions: []
  subprocess_permissions: false
  dependencies: []
  sbom_digest: ''
  test_digest: ''
  benchmark_version: season-1
  benchmark_scores: {}
  approved_by: TCMScience maintainers
  approved_at: '2026-09-25T00:00:00Z'
  rollback_version: ''
- skill_id: assess-tcm-safety
  version: 1.0.0
  composite_id: assess-tcm-safety@1.0.0
  source_repo: ''
  source_commit: ''
  content_hash: be02463d3f6d264b9df131031876d0eb0ddac8aad8121c3d118fb1a7269ed564
  license: MIT
  integration_mode: native
  allowed_hosts: []
  filesystem_permissions: []
  subprocess_permissions: false
  dependencies: []
  sbom_digest: ''
  test_digest: ''
  benchmark_version: season-1
  benchmark_scores: {}
  approved_by: TCMScience maintainers
  approved_at: '2026-09-25T00:00:00Z'
  rollback_version: ''
- skill_id: normalize-tcm-entities
  version: 1.0.0
  composite_id: normalize-tcm-entities@1.0.0
  source_repo: ''
  source_commit: ''
  content_hash: 57f863f372c283bf1de286a63e69834305ce350309589a350213e7192cba7ca4
  license: MIT
  integration_mode: native
  allowed_hosts: []
  filesystem_permissions: []
  subprocess_permissions: false
  dependencies: []
  sbom_digest: ''
  test_digest: ''
  benchmark_version: season-1
  benchmark_scores: {}
  approved_by: TCMScience maintainers
  approved_at: '2026-09-25T00:00:00Z'
  rollback_version: ''
- skill_id: retrieve-tcm-evidence
  version: 1.1.0
  composite_id: retrieve-tcm-evidence@1.1.0
  source_repo: ''
  source_commit: ''
  content_hash: 0ac2b4a53fe51e6da3d6e2d78f0215aa4c3c5cdc8e1b01df7b3a3f9ffee028a7
  license: MIT
  integration_mode: native
  allowed_hosts: []
  filesystem_permissions: []
  subprocess_permissions: false
  dependencies: []
  sbom_digest: ''
  test_digest: ''
  benchmark_version: season-1
  benchmark_scores: {}
  approved_by: TCMScience maintainers
  approved_at: '2026-09-25T00:00:00Z'
  rollback_version: ''
