# skills.lock.yaml — the pinned stable registry.
# Generated from the Registry; do not hand-edit. Every entry names an
# immutable commit and a content hash, so an upstream edit that did not
# bump the version still changes what is pinned.
api_version: '1'
generated_at: '2026-09-25T00:00:00Z'
frozen_season: ''
skills:
- skill_id: analyze-tcm-network-pharmacology
  version: 1.1.0
  composite_id: analyze-tcm-network-pharmacology@1.1.0
  source_repo: ''
  source_commit: ''
  content_hash: a1fb37de6354f866647c6abee0b7ea2a5baaa2c29d4a4097abe8c8a428091014
  license: MIT
  integration_mode: native
  allowed_hosts: []
  filesystem_permissions: []
  subprocess_permissions: false
  dependencies: []
  sbom_digest: ''
  test_digest: ''
  benchmark_version: season-1
  benchmark_scores: {}
  approved_by: TCMScience maintainers
  approved_at: '2026-09-25T00:00:00Z'
  rollback_version: ''
- skill_id: assess-tcm-safety
  version: 1.0.0
  composite_id: assess-tcm-safety@1.0.0
  source_repo: ''
  source_commit: ''
  content_hash: 28fcc4ce77c848e725be05f6d8f7f71dcc02f8d37e5b2b9b46af3fdf56d9f5a8
  license: MIT
  integration_mode: native
  allowed_hosts: []
  filesystem_permissions: []
  subprocess_permissions: false
  dependencies: []
  sbom_digest: ''
  test_digest: ''
  benchmark_version: season-1
  benchmark_scores: {}
  approved_by: TCMScience maintainers
  approved_at: '2026-09-25T00:00:00Z'
  rollback_version: ''
- skill_id: normalize-tcm-entities
  version: 1.0.0
  composite_id: normalize-tcm-entities@1.0.0
  source_repo: ''
  source_commit: ''
  content_hash: a5423ead09524e0937363389c3b376e9e94d232aa6f1a4a425551cc4905be084
  license: MIT
  integration_mode: native
  allowed_hosts: []
  filesystem_permissions: []
  subprocess_permissions: false
  dependencies: []
  sbom_digest: ''
  test_digest: ''
  benchmark_version: season-1
  benchmark_scores: {}
  approved_by: TCMScience maintainers
  approved_at: '2026-09-25T00:00:00Z'
  rollback_version: ''
- skill_id: retrieve-tcm-evidence
  version: 1.1.0
  composite_id: retrieve-tcm-evidence@1.1.0
  source_repo: ''
  source_commit: ''
  content_hash: 601176de9cfbada1b1bf22001746d3c7e0fc4a891cca1b3d4e37b81856f749a0
  license: MIT
  integration_mode: native
  allowed_hosts: []
  filesystem_permissions: []
  subprocess_permissions: false
  dependencies: []
  sbom_digest: ''
  test_digest: ''
  benchmark_version: season-1
  benchmark_scores: {}
  approved_by: TCMScience maintainers
  approved_at: '2026-09-25T00:00:00Z'
  rollback_version: ''
