# skills.lock.yaml — the pinned stable registry.
# Generated from the Registry; do not hand-edit. Every entry names an
# immutable commit and a content hash, so an upstream edit that did not
# bump the version still changes what is pinned.
api_version: '1'
generated_at: '2026-09-25T00:00:00Z'
frozen_season: ''
skills:
- skill_id: analyze-tcm-network-pharmacology
  version: 1.1.0
  composite_id: analyze-tcm-network-pharmacology@1.1.0
  source_repo: ''
  source_commit: ''
  content_hash: f4534b8b756056358dc01f9f7ec720cb3dca89fdf71e01b562732f79894c601a
  license: MIT
  integration_mode: native
  allowed_hosts: []
  filesystem_permissions: []
  subprocess_permissions: false
  dependencies: []
  sbom_digest: ''
  test_digest: ''
  benchmark_version: season-1
  benchmark_scores: {}
  approved_by: TCMScience maintainers
  approved_at: '2026-09-25T00:00:00Z'
  rollback_version: ''
- skill_id: assess-tcm-safety
  version: 1.0.0
  composite_id: assess-tcm-safety@1.0.0
  source_repo: ''
  source_commit: ''
  content_hash: aee648dc36cf20f0cb70ce57c5ed770ded463359a04df325a9c940f9dc03818f
  license: MIT
  integration_mode: native
  allowed_hosts: []
  filesystem_permissions: []
  subprocess_permissions: false
  dependencies: []
  sbom_digest: ''
  test_digest: ''
  benchmark_version: season-1
  benchmark_scores: {}
  approved_by: TCMScience maintainers
  approved_at: '2026-09-25T00:00:00Z'
  rollback_version: ''
- skill_id: normalize-tcm-entities
  version: 1.0.0
  composite_id: normalize-tcm-entities@1.0.0
  source_repo: ''
  source_commit: ''
  content_hash: f11b5fe835ce880e21964f37bb6ac2dc442cf5245ef05fcc75dd5c9d24a78795
  license: MIT
  integration_mode: native
  allowed_hosts: []
  filesystem_permissions: []
  subprocess_permissions: false
  dependencies: []
  sbom_digest: ''
  test_digest: ''
  benchmark_version: season-1
  benchmark_scores: {}
  approved_by: TCMScience maintainers
  approved_at: '2026-09-25T00:00:00Z'
  rollback_version: ''
- skill_id: retrieve-tcm-evidence
  version: 1.1.0
  composite_id: retrieve-tcm-evidence@1.1.0
  source_repo: ''
  source_commit: ''
  content_hash: 42503391a1732c8c036de3ec5d3910c6600f22689ea1a7e2ed82363c6c30b986
  license: MIT
  integration_mode: native
  allowed_hosts: []
  filesystem_permissions: []
  subprocess_permissions: false
  dependencies: []
  sbom_digest: ''
  test_digest: ''
  benchmark_version: season-1
  benchmark_scores: {}
  approved_by: TCMScience maintainers
  approved_at: '2026-09-25T00:00:00Z'
  rollback_version: ''
